
Microsoft Visual Studio Solution File, Format Version 12.00
# Visual Studio Version 16
VisualStudioVersion = 16.0.31515.178
MinimumVisualStudioVersion = 10.0.40219.1
Project("{9A19103F-16F7-4668-BE54-9A1E7A4F7556}") = "DocumentDBService", "DocumentDBService\DocumentDBService.csproj", "{BE825531-FA9B-4FAD-8102-A49CDDB468C2}"
EndProject
Project("{9A19103F-16F7-4668-BE54-9A1E7A4F7556}") = "DocumentDbDAL", "DocumentDbDAL\DocumentDbDAL.csproj", "{7D110DB1-3A13-408F-B6BB-351490550682}"
EndProject
Project("{9A19103F-16F7-4668-BE54-9A1E7A4F7556}") = "UnitTests", "UnitTests\UnitTests.csproj", "{5F07350D-759B-4278-8B75-1B0C47AA390D}"
EndProject
Global
	GlobalSection(SolutionConfigurationPlatforms) = preSolution
		Debug|Any CPU = Debug|Any CPU
		Release|Any CPU = Release|Any CPU
	EndGlobalSection
	GlobalSection(ProjectConfigurationPlatforms) = postSolution
		{BE825531-FA9B-4FAD-8102-A49CDDB468C2}.Debug|Any CPU.ActiveCfg = Debug|Any CPU
		{BE825531-FA9B-4FAD-8102-A49CDDB468C2}.Debug|Any CPU.Build.0 = Debug|Any CPU
		{BE825531-FA9B-4FAD-8102-A49CDDB468C2}.Release|Any CPU.ActiveCfg = Release|Any CPU
		{BE825531-FA9B-4FAD-8102-A49CDDB468C2}.Release|Any CPU.Build.0 = Release|Any CPU
		{7D110DB1-3A13-408F-B6BB-351490550682}.Debug|Any CPU.ActiveCfg = Debug|Any CPU
		{7D110DB1-3A13-408F-B6BB-351490550682}.Debug|Any CPU.Build.0 = Debug|Any CPU
		{7D110DB1-3A13-408F-B6BB-351490550682}.Release|Any CPU.ActiveCfg = Release|Any CPU
		{7D110DB1-3A13-408F-B6BB-351490550682}.Release|Any CPU.Build.0 = Release|Any CPU
		{5F07350D-759B-4278-8B75-1B0C47AA390D}.Debug|Any CPU.ActiveCfg = Debug|Any CPU
		{5F07350D-759B-4278-8B75-1B0C47AA390D}.Debug|Any CPU.Build.0 = Debug|Any CPU
		{5F07350D-759B-4278-8B75-1B0C47AA390D}.Release|Any CPU.ActiveCfg = Release|Any CPU
		{5F07350D-759B-4278-8B75-1B0C47AA390D}.Release|Any CPU.Build.0 = Release|Any CPU
	EndGlobalSection
	GlobalSection(SolutionProperties) = preSolution
		HideSolutionNode = FALSE
	EndGlobalSection
	GlobalSection(ExtensibilityGlobals) = postSolution
		SolutionGuid = {B5DBDF3F-4975-4B34-AA92-9AE0E20E54AB}
	EndGlobalSection
EndGlobal
